// !$*UTF8*$!
{
	archiveVersion = 1;
	classes = {
	};
	objectVersion = 55;
	objects = {

/* Begin PBXBuildFile section */
		7447862E29AF1A0E00639E7D /* AppDelegate.swift in Sources */ = {isa = PBXBuildFile; fileRef = 7447862D29AF1A0E00639E7D /* AppDelegate.swift */; };
		7447863029AF1A0E00639E7D /* SceneDelegate.swift in Sources */ = {isa = PBXBuildFile; fileRef = 7447862F29AF1A0E00639E7D /* SceneDelegate.swift */; };
		7447863229AF1A0E00639E7D /* ViewController.swift in Sources */ = {isa = PBXBuildFile; fileRef = 7447863129AF1A0E00639E7D /* ViewController.swift */; };
		7447863529AF1A0E00639E7D /* Main.storyboard in Resources */ = {isa = PBXBuildFile; fileRef = 7447863329AF1A0E00639E7D /* Main.storyboard */; };
		7447863729AF1A1100639E7D /* Assets.xcassets in Resources */ = {isa = PBXBuildFile; fileRef = 7447863629AF1A1100639E7D /* Assets.xcassets */; };
		7447863A29AF1A1100639E7D /* LaunchScreen.storyboard in Resources */ = {isa = PBXBuildFile; fileRef = 7447863829AF1A1100639E7D /* LaunchScreen.storyboard */; };
		7447864529AF1A1200639E7D /* ImageDownloderTests.swift in Sources */ = {isa = PBXBuildFile; fileRef = 7447864429AF1A1200639E7D /* ImageDownloderTests.swift */; };
		7447864F29AF1A1200639E7D /* ImageDownloderUITests.swift in Sources */ = {isa = PBXBuildFile; fileRef = 7447864E29AF1A1200639E7D /* ImageDownloderUITests.swift */; };
		7447865129AF1A1200639E7D /* ImageDownloderUITestsLaunchTests.swift in Sources */ = {isa = PBXBuildFile; fileRef = 7447865029AF1A1200639E7D /* ImageDownloderUITestsLaunchTests.swift */; };
/* End PBXBuildFile section */

/* Begin PBXContainerItemProxy section */
		7447864129AF1A1200639E7D /* PBXContainerItemProxy */ = {
			isa = PBXContainerItemProxy;
			containerPortal = 7447862229AF1A0E00639E7D /* Project object */;
			proxyType = 1;
			remoteGlobalIDString = 7447862929AF1A0E00639E7D;
			remoteInfo = ImageDownloder;
		};
		7447864B29AF1A1200639E7D /* PBXContainerItemProxy */ = {
			isa = PBXContainerItemProxy;
			containerPortal = 7447862229AF1A0E00639E7D /* Project object */;
			proxyType = 1;
			remoteGlobalIDString = 7447862929AF1A0E00639E7D;
			remoteInfo = ImageDownloder;
		};
/* End PBXContainerItemProxy section */

/* Begin PBXFileReference section */
		7447862A29AF1A0E00639E7D /* ImageDownloder.app */ = {isa = PBXFileReference; explicitFileType = wrapper.application; includeInIndex = 0; path = ImageDownloder.app; sourceTree = BUILT_PRODUCTS_DIR; };
		7447862D29AF1A0E00639E7D /* AppDelegate.swift */ = {isa = PBXFileReference; lastKnownFileType = sourcecode.swift; path = AppDelegate.swift; sourceTree = "<group>"; };
		7447862F29AF1A0E00639E7D /* SceneDelegate.swift */ = {isa = PBXFileReference; lastKnownFileType = sourcecode.swift; path = SceneDelegate.swift; sourceTree = "<group>"; };
		7447863129AF1A0E00639E7D /* ViewController.swift */ = {isa = PBXFileReference; lastKnownFileType = sourcecode.swift; path = ViewController.swift; sourceTree = "<group>"; };
		7447863429AF1A0E00639E7D /* Base */ = {isa = PBXFileReference; lastKnownFileType = file.storyboard; name = Base; path = Base.lproj/Main.storyboard; sourceTree = "<group>"; };
		7447863629AF1A1100639E7D /* Assets.xcassets */ = {isa = PBXFileReference; lastKnownFileType = folder.assetcatalog; path = Assets.xcassets; sourceTree = "<group>"; };
		7447863929AF1A1100639E7D /* Base */ = {isa = PBXFileReference; lastKnownFileType = file.storyboard; name = Base; path = Base.lproj/LaunchScreen.storyboard; sourceTree = "<group>"; };
		7447863B29AF1A1200639E7D /* Info.plist */ = {isa = PBXFileReference; lastKnownFileType = text.plist.xml; path = Info.plist; sourceTree = "<group>"; };
		7447864029AF1A1200639E7D /* ImageDownloderTests.xctest */ = {isa = PBXFileReference; explicitFileType = wrapper.cfbundle; includeInIndex = 0; path = ImageDownloderTests.xctest; sourceTree = BUILT_PRODUCTS_DIR; };
		7447864429AF1A1200639E7D /* ImageDownloderTests.swift */ = {isa = PBXFileReference; lastKnownFileType = sourcecode.swift; path = ImageDownloderTests.swift; sourceTree = "<group>"; };
		7447864A29AF1A1200639E7D /* ImageDownloderUITests.xctest */ = {isa = PBXFileReference; explicitFileType = wrapper.cfbundle; includeInIndex = 0; path = ImageDownloderUITests.xctest; sourceTree = BUILT_PRODUCTS_DIR; };
		7447864E29AF1A1200639E7D /* ImageDownloderUITests.swift */ = {isa = PBXFileReference; lastKnownFileType = sourcecode.swift; path = ImageDownloderUITests.swift; sourceTree = "<group>"; };
		7447865029AF1A1200639E7D /* ImageDownloderUITestsLaunchTests.swift */ = {isa = PBXFileReference; lastKnownFileType = sourcecode.swift; path = ImageDownloderUITestsLaunchTests.swift; sourceTree = "<group>"; };
/* End PBXFileReference section */

/* Begin PBXFrameworksBuildPhase section */
		7447862729AF1A0E00639E7D /* Frameworks */ = {
			isa = PBXFrameworksBuildPhase;
			buildActionMask = 2147483647;
			files = (
			);
			runOnlyForDeploymentPostprocessing = 0;
		};
		7447863D29AF1A1200639E7D /* Frameworks */ = {
			isa = PBXFrameworksBuildPhase;
			buildActionMask = 2147483647;
			files = (
			);
			runOnlyForDeploymentPostprocessing = 0;
		};
		7447864729AF1A1200639E7D /* Frameworks */ = {
			isa = PBXFrameworksBuildPhase;
			buildActionMask = 2147483647;
			files = (
			);
			runOnlyForDeploymentPostprocessing = 0;
		};
/* End PBXFrameworksBuildPhase section */

/* Begin PBXGroup section */
		7447862129AF1A0E00639E7D = {
			isa = PBXGroup;
			children = (
				7447862C29AF1A0E00639E7D /* ImageDownloder */,
				7447864329AF1A1200639E7D /* ImageDownloderTests */,
				7447864D29AF1A1200639E7D /* ImageDownloderUITests */,
				7447862B29AF1A0E00639E7D /* Products */,
			);
			sourceTree = "<group>";
		};
		7447862B29AF1A0E00639E7D /* Products */ = {
			isa = PBXGroup;
			children = (
				7447862A29AF1A0E00639E7D /* ImageDownloder.app */,
				7447864029AF1A1200639E7D /* ImageDownloderTests.xctest */,
				7447864A29AF1A1200639E7D /* ImageDownloderUITests.xctest */,
			);
			name = Products;
			sourceTree = "<group>";
		};
		7447862C29AF1A0E00639E7D /* ImageDownloder */ = {
			isa = PBXGroup;
			children = (
				7447862D29AF1A0E00639E7D /* AppDelegate.swift */,
				7447862F29AF1A0E00639E7D /* SceneDelegate.swift */,
				7447863129AF1A0E00639E7D /* ViewController.swift */,
				7447863329AF1A0E00639E7D /* Main.storyboard */,
				7447863629AF1A1100639E7D /* Assets.xcassets */,
				7447863829AF1A1100639E7D /* LaunchScreen.storyboard */,
				7447863B29AF1A1200639E7D /* Info.plist */,
			);
			path = ImageDownloder;
			sourceTree = "<group>";
		};
		7447864329AF1A1200639E7D /* ImageDownloderTests */ = {
			isa = PBXGroup;
			children = (
				7447864429AF1A1200639E7D /* ImageDownloderTests.swift */,
			);
			path = ImageDownloderTests;
			sourceTree = "<group>";
		};
		7447864D29AF1A1200639E7D /* ImageDownloderUITests */ = {
			isa = PBXGroup;
			children = (
				7447864E29AF1A1200639E7D /* ImageDownloderUITests.swift */,
				7447865029AF1A1200639E7D /* ImageDownloderUITestsLaunchTests.swift */,
			);
			path = ImageDownloderUITests;
			sourceTree = "<group>";
		};
/* End PBXGroup section */

/* Begin PBXNativeTarget section */
		7447862929AF1A0E00639E7D /* ImageDownloder */ = {
			isa = PBXNativeTarget;
			buildConfigurationList = 7447865429AF1A1200639E7D /* Build configuration list for PBXNativeTarget "ImageDownloder" */;
			buildPhases = (
				7447862629AF1A0E00639E7D /* Sources */,
				7447862729AF1A0E00639E7D /* Frameworks */,
				7447862829AF1A0E00639E7D /* Resources */,
			);
			buildRules = (
			);
			dependencies = (
			);
			name = ImageDownloder;
			productName = ImageDownloder;
			productReference = 7447862A29AF1A0E00639E7D /* ImageDownloder.app */;
			productType = "com.apple.product-type.application";
		};
		7447863F29AF1A1200639E7D /* ImageDownloderTests */ = {
			isa = PBXNativeTarget;
			buildConfigurationList = 7447865729AF1A1200639E7D /* Build configuration list for PBXNativeTarget "ImageDownloderTests" */;
			buildPhases = (
				7447863C29AF1A1200639E7D /* Sources */,
				7447863D29AF1A1200639E7D /* Frameworks */,
				7447863E29AF1A1200639E7D /* Resources */,
			);
			buildRules = (
			);
			dependencies = (
				7447864229AF1A1200639E7D /* PBXTargetDependency */,
			);
			name = ImageDownloderTests;
			productName = ImageDownloderTests;
			productReference = 7447864029AF1A1200639E7D /* ImageDownloderTests.xctest */;
			productType = "com.apple.product-type.bundle.unit-test";
		};
		7447864929AF1A1200639E7D /* ImageDownloderUITests */ = {
			isa = PBXNativeTarget;
			buildConfigurationList = 7447865A29AF1A1200639E7D /* Build configuration list for PBXNativeTarget "ImageDownloderUITests" */;
			buildPhases = (
				7447864629AF1A1200639E7D /* Sources */,
				7447864729AF1A1200639E7D /* Frameworks */,
				7447864829AF1A1200639E7D /* Resources */,
			);
			buildRules = (
			);
			dependencies = (
				7447864C29AF1A1200639E7D /* PBXTargetDependency */,
			);
			name = ImageDownloderUITests;
			productName = ImageDownloderUITests;
			productReference = 7447864A29AF1A1200639E7D /* ImageDownloderUITests.xctest */;
			productType = "com.apple.product-type.bundle.ui-testing";
		};
/* End PBXNativeTarget section */

/* Begin PBXProject section */
		7447862229AF1A0E00639E7D /* Project object */ = {
			isa = PBXProject;
			attributes = {
				BuildIndependentTargetsInParallel = 1;
				LastSwiftUpdateCheck = 1330;
				LastUpgradeCheck = 1330;
				TargetAttributes = {
					7447862929AF1A0E00639E7D = {
						CreatedOnToolsVersion = 13.3;
					};
					7447863F29AF1A1200639E7D = {
						CreatedOnToolsVersion = 13.3;
						TestTargetID = 7447862929AF1A0E00639E7D;
					};
					7447864929AF1A1200639E7D = {
						CreatedOnToolsVersion = 13.3;
						TestTargetID = 7447862929AF1A0E00639E7D;
					};
				};
			};
			buildConfigurationList = 7447862529AF1A0E00639E7D /* Build configuration list for PBXProject "ImageDownloder" */;
			compatibilityVersion = "Xcode 13.0";
			developmentRegion = en;
			hasScannedForEncodings = 0;
			knownRegions = (
				en,
				Base,
			);
			mainGroup = 7447862129AF1A0E00639E7D;
			productRefGroup = 7447862B29AF1A0E00639E7D /* Products */;
			projectDirPath = "";
			projectRoot = "";
			targets = (
				7447862929AF1A0E00639E7D /* ImageDownloder */,
				7447863F29AF1A1200639E7D /* ImageDownloderTests */,
				7447864929AF1A1200639E7D /* ImageDownloderUITests */,
			);
		};
/* End PBXProject section */

/* Begin PBXResourcesBuildPhase section */
		7447862829AF1A0E00639E7D /* Resources */ = {
			isa = PBXResourcesBuildPhase;
			buildActionMask = 2147483647;
			files = (
				7447863A29AF1A1100639E7D /* LaunchScreen.storyboard in Resources */,
				7447863729AF1A1100639E7D /* Assets.xcassets in Resources */,
				7447863529AF1A0E00639E7D /* Main.storyboard in Resources */,
			);
			runOnlyForDeploymentPostprocessing = 0;
		};
		7447863E29AF1A1200639E7D /* Resources */ = {
			isa = PBXResourcesBuildPhase;
			buildActionMask = 2147483647;
			files = (
			);
			runOnlyForDeploymentPostprocessing = 0;
		};
		7447864829AF1A1200639E7D /* Resources */ = {
			isa = PBXResourcesBuildPhase;
			buildActionMask = 2147483647;
			files = (
			);
			runOnlyForDeploymentPostprocessing = 0;
		};
/* End PBXResourcesBuildPhase section */

/* Begin PBXSourcesBuildPhase section */
		7447862629AF1A0E00639E7D /* Sources */ = {
			isa = PBXSourcesBuildPhase;
			buildActionMask = 2147483647;
			files = (
				7447863229AF1A0E00639E7D /* ViewController.swift in Sources */,
				7447862E29AF1A0E00639E7D /* AppDelegate.swift in Sources */,
				7447863029AF1A0E00639E7D /* SceneDelegate.swift in Sources */,
			);
			runOnlyForDeploymentPostprocessing = 0;
		};
		7447863C29AF1A1200639E7D /* Sources */ = {
			isa = PBXSourcesBuildPhase;
			buildActionMask = 2147483647;
			files = (
				7447864529AF1A1200639E7D /* ImageDownloderTests.swift in Sources */,
			);
			runOnlyForDeploymentPostprocessing = 0;
		};
		7447864629AF1A1200639E7D /* Sources */ = {
			isa = PBXSourcesBuildPhase;
			buildActionMask = 2147483647;
			files = (
				7447864F29AF1A1200639E7D /* ImageDownloderUITests.swift in Sources */,
				7447865129AF1A1200639E7D /* ImageDownloderUITestsLaunchTests.swift in Sources */,
			);
			runOnlyForDeploymentPostprocessing = 0;
		};
/* End PBXSourcesBuildPhase section */

/* Begin PBXTargetDependency section */
		7447864229AF1A1200639E7D /* PBXTargetDependency */ = {
			isa = PBXTargetDependency;
			target = 7447862929AF1A0E00639E7D /* ImageDownloder */;
			targetProxy = 7447864129AF1A1200639E7D /* PBXContainerItemProxy */;
		};
		7447864C29AF1A1200639E7D /* PBXTargetDependency */ = {
			isa = PBXTargetDependency;
			target = 7447862929AF1A0E00639E7D /* ImageDownloder */;
			targetProxy = 7447864B29AF1A1200639E7D /* PBXContainerItemProxy */;
		};
/* End PBXTargetDependency section */

/* Begin PBXVariantGroup section */
		7447863329AF1A0E00639E7D /* Main.storyboard */ = {
			isa = PBXVariantGroup;
			children = (
				7447863429AF1A0E00639E7D /* Base */,
			);
			name = Main.storyboard;
			sourceTree = "<group>";
		};
		7447863829AF1A1100639E7D /* LaunchScreen.storyboard */ = {
			isa = PBXVariantGroup;
			children = (
				7447863929AF1A1100639E7D /* Base */,
			);
			name = LaunchScreen.storyboard;
			sourceTree = "<group>";
		};
/* End PBXVariantGroup section */

/* Begin XCBuildConfiguration section */
		7447865229AF1A1200639E7D /* Debug */ = {
			isa = XCBuildConfiguration;
			buildSettings = {
				ALWAYS_SEARCH_USER_PATHS = NO;
				CLANG_ANALYZER_NONNULL = YES;
				CLANG_ANALYZER_NUMBER_OBJECT_CONVERSION = YES_AGGRESSIVE;
				CLANG_CXX_LANGUAGE_STANDARD = "gnu++17";
				CLANG_ENABLE_MODULES = YES;
				CLANG_ENABLE_OBJC_ARC = YES;
				CLANG_ENABLE_OBJC_WEAK = YES;
				CLANG_WARN_BLOCK_CAPTURE_AUTORELEASING = YES;
				CLANG_WARN_BOOL_CONVERSION = YES;
				CLANG_WARN_COMMA = YES;
				CLANG_WARN_CONSTANT_CONVERSION = YES;
				CLANG_WARN_DEPRECATED_OBJC_IMPLEMENTATIONS = YES;
				CLANG_WARN_DIRECT_OBJC_ISA_USAGE = YES_ERROR;
				CLANG_WARN_DOCUMENTATION_COMMENTS = YES;
				CLANG_WARN_EMPTY_BODY = YES;
				CLANG_WARN_ENUM_CONVERSION = YES;
				CLANG_WARN_INFINITE_RECURSION = YES;
				CLANG_WARN_INT_CONVERSION = YES;
				CLANG_WARN_NON_LITERAL_NULL_CONVERSION = YES;
				CLANG_WARN_OBJC_IMPLICIT_RETAIN_SELF = YES;
				CLANG_WARN_OBJC_LITERAL_CONVERSION = YES;
				CLANG_WARN_OBJC_ROOT_CLASS = YES_ERROR;
				CLANG_WARN_QUOTED_INCLUDE_IN_FRAMEWORK_HEADER = YES;
				CLANG_WARN_RANGE_LOOP_ANALYSIS = YES;
				CLANG_WARN_STRICT_PROTOTYPES = YES;
				CLANG_WARN_SUSPICIOUS_MOVE = YES;
				CLANG_WARN_UNGUARDED_AVAILABILITY = YES_AGGRESSIVE;
				CLANG_WARN_UNREACHABLE_CODE = YES;
				CLANG_WARN__DUPLICATE_METHOD_MATCH = YES;
				COPY_PHASE_STRIP = NO;
				DEBUG_INFORMATION_FORMAT = dwarf;
				ENABLE_STRICT_OBJC_MSGSEND = YES;
				ENABLE_TESTABILITY = YES;
				GCC_C_LANGUAGE_STANDARD = gnu11;
				GCC_DYNAMIC_NO_PIC = NO;
				GCC_NO_COMMON_BLOCKS = YES;
				GCC_OPTIMIZATION_LEVEL = 0;
				GCC_PREPROCESSOR_DEFINITIONS = (
					"DEBUG=1",
					"$(inherited)",
				);
				GCC_WARN_64_TO_32_BIT_CONVERSION = YES;
				GCC_WARN_ABOUT_RETURN_TYPE = YES_ERROR;
				GCC_WARN_UNDECLARED_SELECTOR = YES;
				GCC_WARN_UNINITIALIZED_AUTOS = YES_AGGRESSIVE;
				GCC_WARN_UNUSED_FUNCTION = YES;
				GCC_WARN_UNUSED_VARIABLE = YES;
				IPHONEOS_DEPLOYMENT_TARGET = 15.4;
				MTL_ENABLE_DEBUG_INFO = INCLUDE_SOURCE;
				MTL_FAST_MATH = YES;
				ONLY_ACTIVE_ARCH = YES;
				SDKROOT = iphoneos;
				SWIFT_ACTIVE_COMPILATION_CONDITIONS = DEBUG;
				SWIFT_OPTIMIZATION_LEVEL = "-Onone";
			};
			name = Debug;
		};
		7447865329AF1A1200639E7D /* Release */ = {
			isa = XCBuildConfiguration;
			buildSettings = {
				ALWAYS_SEARCH_USER_PATHS = NO;
				CLANG_ANALYZER_NONNULL = YES;
				CLANG_ANALYZER_NUMBER_OBJECT_CONVERSION = YES_AGGRESSIVE;
				CLANG_CXX_LANGUAGE_STANDARD = "gnu++17";
				CLANG_ENABLE_MODULES = YES;
				CLANG_ENABLE_OBJC_ARC = YES;
				CLANG_ENABLE_OBJC_WEAK = YES;
				CLANG_WARN_BLOCK_CAPTURE_AUTORELEASING = YES;
				CLANG_WARN_BOOL_CONVERSION = YES;
				CLANG_WARN_COMMA = YES;
				CLANG_WARN_CONSTANT_CONVERSION = YES;
				CLANG_WARN_DEPRECATED_OBJC_IMPLEMENTATIONS = YES;
				CLANG_WARN_DIRECT_OBJC_ISA_USAGE = YES_ERROR;
				CLANG_WARN_DOCUMENTATION_COMMENTS = YES;
				CLANG_WARN_EMPTY_BODY = YES;
				CLANG_WARN_ENUM_CONVERSION = YES;
				CLANG_WARN_INFINITE_RECURSION = YES;
				CLANG_WARN_INT_CONVERSION = YES;
				CLANG_WARN_NON_LITERAL_NULL_CONVERSION = YES;
				CLANG_WARN_OBJC_IMPLICIT_RETAIN_SELF = YES;
				CLANG_WARN_OBJC_LITERAL_CONVERSION = YES;
				CLANG_WARN_OBJC_ROOT_CLASS = YES_ERROR;
				CLANG_WARN_QUOTED_INCLUDE_IN_FRAMEWORK_HEADER = YES;
				CLANG_WARN_RANGE_LOOP_ANALYSIS = YES;
				CLANG_WARN_STRICT_PROTOTYPES = YES;
				CLANG_WARN_SUSPICIOUS_MOVE = YES;
				CLANG_WARN_UNGUARDED_AVAILABILITY = YES_AGGRESSIVE;
				CLANG_WARN_UNREACHABLE_CODE = YES;
				CLANG_WARN__DUPLICATE_METHOD_MATCH = YES;
				COPY_PHASE_STRIP = NO;
				DEBUG_INFORMATION_FORMAT = "dwarf-with-dsym";
				ENABLE_NS_ASSERTIONS = NO;
				ENABLE_STRICT_OBJC_MSGSEND = YES;
				GCC_C_LANGUAGE_STANDARD = gnu11;
				GCC_NO_COMMON_BLOCKS = YES;
				GCC_WARN_64_TO_32_BIT_CONVERSION = YES;
				GCC_WARN_ABOUT_RETURN_TYPE = YES_ERROR;
				GCC_WARN_UNDECLARED_SELECTOR = YES;
				GCC_WARN_UNINITIALIZED_AUTOS = YES_AGGRESSIVE;
				GCC_WARN_UNUSED_FUNCTION = YES;
				GCC_WARN_UNUSED_VARIABLE = YES;
				IPHONEOS_DEPLOYMENT_TARGET = 15.4;
				MTL_ENABLE_DEBUG_INFO = NO;
				MTL_FAST_MATH = YES;
				SDKROOT = iphoneos;
				SWIFT_COMPILATION_MODE = wholemodule;
				SWIFT_OPTIMIZATION_LEVEL = "-O";
				VALIDATE_PRODUCT = YES;
			};
			name = Release;
		};
		7447865529AF1A1200639E7D /* Debug */ = {
			isa = XCBuildConfiguration;
			buildSettings = {
				ASSETCATALOG_COMPILER_APPICON_NAME = AppIcon;
				ASSETCATALOG_COMPILER_GLOBAL_ACCENT_COLOR_NAME = AccentColor;
				CODE_SIGN_STYLE = Automatic;
				CURRENT_PROJECT_VERSION = 1;
				GENERATE_INFOPLIST_FILE = YES;
				INFOPLIST_FILE = ImageDownloder/Info.plist;
				INFOPLIST_KEY_UIApplicationSupportsIndirectInputEvents = YES;
				INFOPLIST_KEY_UILaunchStoryboardName = LaunchScreen;
				INFOPLIST_KEY_UIMainStoryboardFile = Main;
				INFOPLIST_KEY_UISupportedInterfaceOrientations_iPad = "UIInterfaceOrientationPortrait UIInterfaceOrientationPortraitUpsideDown UIInterfaceOrientationLandscapeLeft UIInterfaceOrientationLandscapeRight";
				INFOPLIST_KEY_UISupportedInterfaceOrientations_iPhone = "UIInterfaceOrientationPortrait UIInterfaceOrientationLandscapeLeft UIInterfaceOrientationLandscapeRight";
				LD_RUNPATH_SEARCH_PATHS = (
					"$(inherited)",
					"@executable_path/Frameworks",
				);
				MARKETING_VERSION = 1.0;
				PRODUCT_BUNDLE_IDENTIFIER = jiss.ImageDownloder;
				PRODUCT_NAME = "$(TARGET_NAME)";
				SWIFT_EMIT_LOC_STRINGS = YES;
				SWIFT_VERSION = 5.0;
				TARGETED_DEVICE_FAMILY = "1,2";
			};
			name = Debug;
		};
		7447865629AF1A1200639E7D /* Release */ = {
			isa = XCBuildConfiguration;
			buildSettings = {
				ASSETCATALOG_COMPILER_APPICON_NAME = AppIcon;
				ASSETCATALOG_COMPILER_GLOBAL_ACCENT_COLOR_NAME = AccentColor;
				CODE_SIGN_STYLE = Automatic;
				CURRENT_PROJECT_VERSION = 1;
				GENERATE_INFOPLIST_FILE = YES;
				INFOPLIST_FILE = ImageDownloder/Info.plist;
				INFOPLIST_KEY_UIApplicationSupportsIndirectInputEvents = YES;
				INFOPLIST_KEY_UILaunchStoryboardName = LaunchScreen;
				INFOPLIST_KEY_UIMainStoryboardFile = Main;
				INFOPLIST_KEY_UISupportedInterfaceOrientations_iPad = "UIInterfaceOrientationPortrait UIInterfaceOrientationPortraitUpsideDown UIInterfaceOrientationLandscapeLeft UIInterfaceOrientationLandscapeRight";
				INFOPLIST_KEY_UISupportedInterfaceOrientations_iPhone = "UIInterfaceOrientationPortrait UIInterfaceOrientationLandscapeLeft UIInterfaceOrientationLandscapeRight";
				LD_RUNPATH_SEARCH_PATHS = (
					"$(inherited)",
					"@executable_path/Frameworks",
				);
				MARKETING_VERSION = 1.0;
				PRODUCT_BUNDLE_IDENTIFIER = jiss.ImageDownloder;
				PRODUCT_NAME = "$(TARGET_NAME)";
				SWIFT_EMIT_LOC_STRINGS = YES;
				SWIFT_VERSION = 5.0;
				TARGETED_DEVICE_FAMILY = "1,2";
			};
			name = Release;
		};
		7447865829AF1A1200639E7D /* Debug */ = {
			isa = XCBuildConfiguration;
			buildSettings = {
				ALWAYS_EMBED_SWIFT_STANDARD_LIBRARIES = YES;
				BUNDLE_LOADER = "$(TEST_HOST)";
				CODE_SIGN_STYLE = Automatic;
				CURRENT_PROJECT_VERSION = 1;
				GENERATE_INFOPLIST_FILE = YES;
				IPHONEOS_DEPLOYMENT_TARGET = 15.4;
				MARKETING_VERSION = 1.0;
				PRODUCT_BUNDLE_IDENTIFIER = jiss.ImageDownloderTests;
				PRODUCT_NAME = "$(TARGET_NAME)";
				SWIFT_EMIT_LOC_STRINGS = NO;
				SWIFT_VERSION = 5.0;
				TARGETED_DEVICE_FAMILY = "1,2";
				TEST_HOST = "$(BUILT_PRODUCTS_DIR)/ImageDownloder.app/ImageDownloder";
			};
			name = Debug;
		};
		7447865929AF1A1200639E7D /* Release */ = {
			isa = XCBuildConfiguration;
			buildSettings = {
				ALWAYS_EMBED_SWIFT_STANDARD_LIBRARIES = YES;
				BUNDLE_LOADER = "$(TEST_HOST)";
				CODE_SIGN_STYLE = Automatic;
				CURRENT_PROJECT_VERSION = 1;
				GENERATE_INFOPLIST_FILE = YES;
				IPHONEOS_DEPLOYMENT_TARGET = 15.4;
				MARKETING_VERSION = 1.0;
				PRODUCT_BUNDLE_IDENTIFIER = jiss.ImageDownloderTests;
				PRODUCT_NAME = "$(TARGET_NAME)";
				SWIFT_EMIT_LOC_STRINGS = NO;
				SWIFT_VERSION = 5.0;
				TARGETED_DEVICE_FAMILY = "1,2";
				TEST_HOST = "$(BUILT_PRODUCTS_DIR)/ImageDownloder.app/ImageDownloder";
			};
			name = Release;
		};
		7447865B29AF1A1200639E7D /* Debug */ = {
			isa = XCBuildConfiguration;
			buildSettings = {
				ALWAYS_EMBED_SWIFT_STANDARD_LIBRARIES = YES;
				CODE_SIGN_STYLE = Automatic;
				CURRENT_PROJECT_VERSION = 1;
				GENERATE_INFOPLIST_FILE = YES;
				MARKETING_VERSION = 1.0;
				PRODUCT_BUNDLE_IDENTIFIER = jiss.ImageDownloderUITests;
				PRODUCT_NAME = "$(TARGET_NAME)";
				SWIFT_EMIT_LOC_STRINGS = NO;
				SWIFT_VERSION = 5.0;
				TARGETED_DEVICE_FAMILY = "1,2";
				TEST_TARGET_NAME = ImageDownloder;
			};
			name = Debug;
		};
		7447865C29AF1A1200639E7D /* Release */ = {
			isa = XCBuildConfiguration;
			buildSettings = {
				ALWAYS_EMBED_SWIFT_STANDARD_LIBRARIES = YES;
				CODE_SIGN_STYLE = Automatic;
				CURRENT_PROJECT_VERSION = 1;
				GENERATE_INFOPLIST_FILE = YES;
				MARKETING_VERSION = 1.0;
				PRODUCT_BUNDLE_IDENTIFIER = jiss.ImageDownloderUITests;
				PRODUCT_NAME = "$(TARGET_NAME)";
				SWIFT_EMIT_LOC_STRINGS = NO;
				SWIFT_VERSION = 5.0;
				TARGETED_DEVICE_FAMILY = "1,2";
				TEST_TARGET_NAME = ImageDownloder;
			};
			name = Release;
		};
/* End XCBuildConfiguration section */

/* Begin XCConfigurationList section */
		7447862529AF1A0E00639E7D /* Build configuration list for PBXProject "ImageDownloder" */ = {
			isa = XCConfigurationList;
			buildConfigurations = (
				7447865229AF1A1200639E7D /* Debug */,
				7447865329AF1A1200639E7D /* Release */,
			);
			defaultConfigurationIsVisible = 0;
			defaultConfigurationName = Release;
		};
		7447865429AF1A1200639E7D /* Build configuration list for PBXNativeTarget "ImageDownloder" */ = {
			isa = XCConfigurationList;
			buildConfigurations = (
				7447865529AF1A1200639E7D /* Debug */,
				7447865629AF1A1200639E7D /* Release */,
			);
			defaultConfigurationIsVisible = 0;
			defaultConfigurationName = Release;
		};
		7447865729AF1A1200639E7D /* Build configuration list for PBXNativeTarget "ImageDownloderTests" */ = {
			isa = XCConfigurationList;
			buildConfigurations = (
				7447865829AF1A1200639E7D /* Debug */,
				7447865929AF1A1200639E7D /* Release */,
			);
			defaultConfigurationIsVisible = 0;
			defaultConfigurationName = Release;
		};
		7447865A29AF1A1200639E7D /* Build configuration list for PBXNativeTarget "ImageDownloderUITests" */ = {
			isa = XCConfigurationList;
			buildConfigurations = (
				7447865B29AF1A1200639E7D /* Debug */,
				7447865C29AF1A1200639E7D /* Release */,
			);
			defaultConfigurationIsVisible = 0;
			defaultConfigurationName = Release;
		};
/* End XCConfigurationList section */
	};
	rootObject = 7447862229AF1A0E00639E7D /* Project object */;
}
